// !$*UTF8*$!
{
	archiveVersion = 1;
	classes = {
	};
	objectVersion = 46;
	objects = {

/* Begin PBXBuildFile section */
		F5D4C6001F28BB0500FED677 /* main.swift in Sources */ = {isa = PBXBuildFile; fileRef = F5D4C5FF1F28BB0500FED677 /* main.swift */; };
		F5D4C6071F28BBD400FED677 /* ApplicationDockItem.swift in Sources */ = {isa = PBXBuildFile; fileRef = F5D4C6061F28BBD400FED677 /* ApplicationDockItem.swift */; };
		F5D4C60D1F28BC8200FED677 /* AXUIElement.swift in Sources */ = {isa = PBXBuildFile; fileRef = F5D4C60C1F28BC8200FED677 /* AXUIElement.swift */; };
		F5D4C6111F28BCB700FED677 /* NSWorkspace.swift in Sources */ = {isa = PBXBuildFile; fileRef = F5D4C6101F28BCB700FED677 /* NSWorkspace.swift */; };
/* End PBXBuildFile section */

/* Begin PBXCopyFilesBuildPhase section */
		F5D4C5FA1F28BB0500FED677 /* CopyFiles */ = {
			isa = PBXCopyFilesBuildPhase;
			buildActionMask = 2147483647;
			dstPath = /usr/share/man/man1/;
			dstSubfolderSpec = 0;
			files = (
			);
			runOnlyForDeploymentPostprocessing = 1;
		};
/* End PBXCopyFilesBuildPhase section */

/* Begin PBXFileReference section */
		F5D4C5FC1F28BB0500FED677 /* dock-utils */ = {isa = PBXFileReference; explicitFileType = "compiled.mach-o.executable"; includeInIndex = 0; path = "dock-utils"; sourceTree = BUILT_PRODUCTS_DIR; };
		F5D4C5FF1F28BB0500FED677 /* main.swift */ = {isa = PBXFileReference; lastKnownFileType = sourcecode.swift; path = main.swift; sourceTree = "<group>"; };
		F5D4C6061F28BBD400FED677 /* ApplicationDockItem.swift */ = {isa = PBXFileReference; fileEncoding = 4; lastKnownFileType = sourcecode.swift; path = ApplicationDockItem.swift; sourceTree = "<group>"; };
		F5D4C60C1F28BC8200FED677 /* AXUIElement.swift */ = {isa = PBXFileReference; fileEncoding = 4; lastKnownFileType = sourcecode.swift; path = AXUIElement.swift; sourceTree = "<group>"; };
		F5D4C6101F28BCB700FED677 /* NSWorkspace.swift */ = {isa = PBXFileReference; fileEncoding = 4; lastKnownFileType = sourcecode.swift; path = NSWorkspace.swift; sourceTree = "<group>"; };
/* End PBXFileReference section */

/* Begin PBXFrameworksBuildPhase section */
		F5D4C5F91F28BB0500FED677 /* Frameworks */ = {
			isa = PBXFrameworksBuildPhase;
			buildActionMask = 2147483647;
			files = (
			);
			runOnlyForDeploymentPostprocessing = 0;
		};
/* End PBXFrameworksBuildPhase section */

/* Begin PBXGroup section */
		F5D4C5F31F28BB0500FED677 = {
			isa = PBXGroup;
			children = (
				F5D4C5FE1F28BB0500FED677 /* DockUtils */,
				F5D4C5FD1F28BB0500FED677 /* Products */,
			);
			sourceTree = "<group>";
		};
		F5D4C5FD1F28BB0500FED677 /* Products */ = {
			isa = PBXGroup;
			children = (
				F5D4C5FC1F28BB0500FED677 /* dock-utils */,
			);
			name = Products;
			sourceTree = "<group>";
		};
		F5D4C5FE1F28BB0500FED677 /* DockUtils */ = {
			isa = PBXGroup;
			children = (
				F5D4C60B1F28BC5200FED677 /* Extensions */,
				F5D4C6061F28BBD400FED677 /* ApplicationDockItem.swift */,
				F5D4C5FF1F28BB0500FED677 /* main.swift */,
			);
			path = DockUtils;
			sourceTree = "<group>";
		};
		F5D4C60B1F28BC5200FED677 /* Extensions */ = {
			isa = PBXGroup;
			children = (
				F5D4C60C1F28BC8200FED677 /* AXUIElement.swift */,
				F5D4C6101F28BCB700FED677 /* NSWorkspace.swift */,
			);
			path = Extensions;
			sourceTree = "<group>";
		};
/* End PBXGroup section */

/* Begin PBXNativeTarget section */
		F5D4C5FB1F28BB0500FED677 /* dock-utils */ = {
			isa = PBXNativeTarget;
			buildConfigurationList = F5D4C6031F28BB0500FED677 /* Build configuration list for PBXNativeTarget "dock-utils" */;
			buildPhases = (
				F5D4C5F81F28BB0500FED677 /* Sources */,
				F5D4C5F91F28BB0500FED677 /* Frameworks */,
				F5D4C5FA1F28BB0500FED677 /* CopyFiles */,
			);
			buildRules = (
			);
			dependencies = (
			);
			name = "dock-utils";
			productName = Test;
			productReference = F5D4C5FC1F28BB0500FED677 /* dock-utils */;
			productType = "com.apple.product-type.tool";
		};
/* End PBXNativeTarget section */

/* Begin PBXProject section */
		F5D4C5F41F28BB0500FED677 /* Project object */ = {
			isa = PBXProject;
			attributes = {
				LastSwiftUpdateCheck = 0830;
				LastUpgradeCheck = 0830;
				ORGANIZATIONNAME = "Ian Kazlauskas";
				TargetAttributes = {
					F5D4C5FB1F28BB0500FED677 = {
						CreatedOnToolsVersion = 8.3.3;
						ProvisioningStyle = Automatic;
					};
				};
			};
			buildConfigurationList = F5D4C5F71F28BB0500FED677 /* Build configuration list for PBXProject "DockUtils" */;
			compatibilityVersion = "Xcode 3.2";
			developmentRegion = English;
			hasScannedForEncodings = 0;
			knownRegions = (
				en,
			);
			mainGroup = F5D4C5F31F28BB0500FED677;
			productRefGroup = F5D4C5FD1F28BB0500FED677 /* Products */;
			projectDirPath = "";
			projectRoot = "";
			targets = (
				F5D4C5FB1F28BB0500FED677 /* dock-utils */,
			);
		};
/* End PBXProject section */

/* Begin PBXSourcesBuildPhase section */
		F5D4C5F81F28BB0500FED677 /* Sources */ = {
			isa = PBXSourcesBuildPhase;
			buildActionMask = 2147483647;
			files = (
				F5D4C6111F28BCB700FED677 /* NSWorkspace.swift in Sources */,
				F5D4C60D1F28BC8200FED677 /* AXUIElement.swift in Sources */,
				F5D4C6071F28BBD400FED677 /* ApplicationDockItem.swift in Sources */,
				F5D4C6001F28BB0500FED677 /* main.swift in Sources */,
			);
			runOnlyForDeploymentPostprocessing = 0;
		};
/* End PBXSourcesBuildPhase section */

/* Begin XCBuildConfiguration section */
		F5D4C6011F28BB0500FED677 /* Debug */ = {
			isa = XCBuildConfiguration;
			buildSettings = {
				ALWAYS_SEARCH_USER_PATHS = NO;
				CLANG_ANALYZER_NONNULL = YES;
				CLANG_ANALYZER_NUMBER_OBJECT_CONVERSION = YES_AGGRESSIVE;
				CLANG_CXX_LANGUAGE_STANDARD = "gnu++0x";
				CLANG_CXX_LIBRARY = "libc++";
				CLANG_ENABLE_MODULES = YES;
				CLANG_ENABLE_OBJC_ARC = YES;
				CLANG_WARN_BOOL_CONVERSION = YES;
				CLANG_WARN_CONSTANT_CONVERSION = YES;
				CLANG_WARN_DIRECT_OBJC_ISA_USAGE = YES_ERROR;
				CLANG_WARN_DOCUMENTATION_COMMENTS = YES;
				CLANG_WARN_EMPTY_BODY = YES;
				CLANG_WARN_ENUM_CONVERSION = YES;
				CLANG_WARN_INFINITE_RECURSION = YES;
				CLANG_WARN_INT_CONVERSION = YES;
				CLANG_WARN_OBJC_ROOT_CLASS = YES_ERROR;
				CLANG_WARN_SUSPICIOUS_MOVE = YES;
				CLANG_WARN_UNREACHABLE_CODE = YES;
				CLANG_WARN__DUPLICATE_METHOD_MATCH = YES;
				CODE_SIGN_IDENTITY = "-";
				COPY_PHASE_STRIP = NO;
				DEBUG_INFORMATION_FORMAT = dwarf;
				ENABLE_STRICT_OBJC_MSGSEND = YES;
				ENABLE_TESTABILITY = YES;
				GCC_C_LANGUAGE_STANDARD = gnu99;
				GCC_DYNAMIC_NO_PIC = NO;
				GCC_NO_COMMON_BLOCKS = YES;
				GCC_OPTIMIZATION_LEVEL = 0;
				GCC_PREPROCESSOR_DEFINITIONS = (
					"DEBUG=1",
					"$(inherited)",
				);
				GCC_WARN_64_TO_32_BIT_CONVERSION = YES;
				GCC_WARN_ABOUT_RETURN_TYPE = YES_ERROR;
				GCC_WARN_UNDECLARED_SELECTOR = YES;
				GCC_WARN_UNINITIALIZED_AUTOS = YES_AGGRESSIVE;
				GCC_WARN_UNUSED_FUNCTION = YES;
				GCC_WARN_UNUSED_VARIABLE = YES;
				MACOSX_DEPLOYMENT_TARGET = 10.12;
				MTL_ENABLE_DEBUG_INFO = YES;
				ONLY_ACTIVE_ARCH = YES;
				SDKROOT = macosx;
				SWIFT_OPTIMIZATION_LEVEL = "-Onone";
			};
			name = Debug;
		};
		F5D4C6021F28BB0500FED677 /* Release */ = {
			isa = XCBuildConfiguration;
			buildSettings = {
				ALWAYS_SEARCH_USER_PATHS = NO;
				CLANG_ANALYZER_NONNULL = YES;
				CLANG_ANALYZER_NUMBER_OBJECT_CONVERSION = YES_AGGRESSIVE;
				CLANG_CXX_LANGUAGE_STANDARD = "gnu++0x";
				CLANG_CXX_LIBRARY = "libc++";
				CLANG_ENABLE_MODULES = YES;
				CLANG_ENABLE_OBJC_ARC = YES;
				CLANG_WARN_BOOL_CONVERSION = YES;
				CLANG_WARN_CONSTANT_CONVERSION = YES;
				CLANG_WARN_DIRECT_OBJC_ISA_USAGE = YES_ERROR;
				CLANG_WARN_DOCUMENTATION_COMMENTS = YES;
				CLANG_WARN_EMPTY_BODY = YES;
				CLANG_WARN_ENUM_CONVERSION = YES;
				CLANG_WARN_INFINITE_RECURSION = YES;
				CLANG_WARN_INT_CONVERSION = YES;
				CLANG_WARN_OBJC_ROOT_CLASS = YES_ERROR;
				CLANG_WARN_SUSPICIOUS_MOVE = YES;
				CLANG_WARN_UNREACHABLE_CODE = YES;
				CLANG_WARN__DUPLICATE_METHOD_MATCH = YES;
				CODE_SIGN_IDENTITY = "-";
				COPY_PHASE_STRIP = NO;
				DEBUG_INFORMATION_FORMAT = "dwarf-with-dsym";
				ENABLE_NS_ASSERTIONS = NO;
				ENABLE_STRICT_OBJC_MSGSEND = YES;
				GCC_C_LANGUAGE_STANDARD = gnu99;
				GCC_NO_COMMON_BLOCKS = YES;
				GCC_WARN_64_TO_32_BIT_CONVERSION = YES;
				GCC_WARN_ABOUT_RETURN_TYPE = YES_ERROR;
				GCC_WARN_UNDECLARED_SELECTOR = YES;
				GCC_WARN_UNINITIALIZED_AUTOS = YES_AGGRESSIVE;
				GCC_WARN_UNUSED_FUNCTION = YES;
				GCC_WARN_UNUSED_VARIABLE = YES;
				MACOSX_DEPLOYMENT_TARGET = 10.12;
				MTL_ENABLE_DEBUG_INFO = NO;
				SDKROOT = macosx;
			};
			name = Release;
		};
		F5D4C6041F28BB0500FED677 /* Debug */ = {
			isa = XCBuildConfiguration;
			buildSettings = {
				PRODUCT_NAME = "$(TARGET_NAME)";
				SWIFT_VERSION = 3.0;
			};
			name = Debug;
		};
		F5D4C6051F28BB0500FED677 /* Release */ = {
			isa = XCBuildConfiguration;
			buildSettings = {
				PRODUCT_NAME = "$(TARGET_NAME)";
				SWIFT_VERSION = 3.0;
			};
			name = Release;
		};
/* End XCBuildConfiguration section */

/* Begin XCConfigurationList section */
		F5D4C5F71F28BB0500FED677 /* Build configuration list for PBXProject "DockUtils" */ = {
			isa = XCConfigurationList;
			buildConfigurations = (
				F5D4C6011F28BB0500FED677 /* Debug */,
				F5D4C6021F28BB0500FED677 /* Release */,
			);
			defaultConfigurationIsVisible = 0;
			defaultConfigurationName = Release;
		};
		F5D4C6031F28BB0500FED677 /* Build configuration list for PBXNativeTarget "dock-utils" */ = {
			isa = XCConfigurationList;
			buildConfigurations = (
				F5D4C6041F28BB0500FED677 /* Debug */,
				F5D4C6051F28BB0500FED677 /* Release */,
			);
			defaultConfigurationIsVisible = 0;
		};
/* End XCConfigurationList section */
	};
	rootObject = F5D4C5F41F28BB0500FED677 /* Project object */;
}
